
Microsoft Visual Studio Solution File, Format Version 12.00
# Visual Studio Version 17
VisualStudioVersion = 17.3.32929.385
MinimumVisualStudioVersion = 10.0.40219.1
Project("{FAE04EC0-301F-11D3-BF4B-00C04F79EFBC}") = "RuntimePatcher", "RuntimePatcher\RuntimePatcher.csproj", "{415720BA-D007-418D-B281-ECECB6303465}"
EndProject
Global
	GlobalSection(SolutionConfigurationPlatforms) = preSolution
		Debug|Any CPU = Debug|Any CPU
		Release|Any CPU = Release|Any CPU
	EndGlobalSection
	GlobalSection(ProjectConfigurationPlatforms) = postSolution
		{415720BA-D007-418D-B281-ECECB6303465}.Debug|Any CPU.ActiveCfg = Debug|Any CPU
		{415720BA-D007-418D-B281-ECECB6303465}.Debug|Any CPU.Build.0 = Debug|Any CPU
		{415720BA-D007-418D-B281-ECECB6303465}.Release|Any CPU.ActiveCfg = Release|Any CPU
		{415720BA-D007-418D-B281-ECECB6303465}.Release|Any CPU.Build.0 = Release|Any CPU
	EndGlobalSection
	GlobalSection(SolutionProperties) = preSolution
		HideSolutionNode = FALSE
	EndGlobalSection
	GlobalSection(ExtensibilityGlobals) = postSolution
		SolutionGuid = {C2C65888-D4D9-4EB6-A4CC-7E53A3AC4C92}
	EndGlobalSection
EndGlobal
